// !$*UTF8*$!
{
	archiveVersion = 1;
	classes = {
	};
	objectVersion = 50;
	objects = {

/* Begin PBXBuildFile section */
		B22891E023872C8200B54E32 /* PhysicalActivity.swift in Sources */ = {isa = PBXBuildFile; fileRef = B22891DF23872C8200B54E32 /* PhysicalActivity.swift */; };
		B22891E223872FC300B54E32 /* ViewFormatter.swift in Sources */ = {isa = PBXBuildFile; fileRef = B22891E123872FC300B54E32 /* ViewFormatter.swift */; };
		B22891E52387345F00B54E32 /* EnergyRequirement.swift in Sources */ = {isa = PBXBuildFile; fileRef = B22891E42387345F00B54E32 /* EnergyRequirement.swift */; };
		B22891E72387348600B54E32 /* MacroNutrient.swift in Sources */ = {isa = PBXBuildFile; fileRef = B22891E62387348600B54E32 /* MacroNutrient.swift */; };
		B25CF3F22386E0EE00737E5C /* GeneralTableViewController.swift in Sources */ = {isa = PBXBuildFile; fileRef = B25CF3F12386E0EE00737E5C /* GeneralTableViewController.swift */; };
		B25CF3F52386E11200737E5C /* DatosGeneralesTableViewController.swift in Sources */ = {isa = PBXBuildFile; fileRef = B25CF3F42386E11200737E5C /* DatosGeneralesTableViewController.swift */; };
		B299AF6723858CEA000F31A3 /* FCATableViewController.swift in Sources */ = {isa = PBXBuildFile; fileRef = B299AF6623858CEA000F31A3 /* FCATableViewController.swift */; };
		B29B4DC2238578AE002C738E /* AppDelegate.swift in Sources */ = {isa = PBXBuildFile; fileRef = B29B4DC1238578AE002C738E /* AppDelegate.swift */; };
		B29B4DC4238578AE002C738E /* SceneDelegate.swift in Sources */ = {isa = PBXBuildFile; fileRef = B29B4DC3238578AE002C738E /* SceneDelegate.swift */; };
		B29B4DC6238578AE002C738E /* ViewController.swift in Sources */ = {isa = PBXBuildFile; fileRef = B29B4DC5238578AE002C738E /* ViewController.swift */; };
		B29B4DC9238578AE002C738E /* Main.storyboard in Resources */ = {isa = PBXBuildFile; fileRef = B29B4DC7238578AE002C738E /* Main.storyboard */; };
		B29B4DCB238578B0002C738E /* Assets.xcassets in Resources */ = {isa = PBXBuildFile; fileRef = B29B4DCA238578B0002C738E /* Assets.xcassets */; };
		B29B4DCE238578B0002C738E /* LaunchScreen.storyboard in Resources */ = {isa = PBXBuildFile; fileRef = B29B4DCC238578B0002C738E /* LaunchScreen.storyboard */; };
		B29B4DE823857C65002C738E /* SF-Pro-Text-MediumItalic.otf in Resources */ = {isa = PBXBuildFile; fileRef = B29B4DD623857C64002C738E /* SF-Pro-Text-MediumItalic.otf */; };
		B29B4DE923857C65002C738E /* SF-Pro-Text-Bold.otf in Resources */ = {isa = PBXBuildFile; fileRef = B29B4DD723857C64002C738E /* SF-Pro-Text-Bold.otf */; };
		B29B4DEA23857C65002C738E /* SF-Pro-Text-RegularItalic.otf in Resources */ = {isa = PBXBuildFile; fileRef = B29B4DD823857C64002C738E /* SF-Pro-Text-RegularItalic.otf */; };
		B29B4DEB23857C65002C738E /* SF-Pro-Text-BlackItalic.otf in Resources */ = {isa = PBXBuildFile; fileRef = B29B4DD923857C64002C738E /* SF-Pro-Text-BlackItalic.otf */; };
		B29B4DEC23857C65002C738E /* SF-Pro-Text-HeavyItalic.otf in Resources */ = {isa = PBXBuildFile; fileRef = B29B4DDA23857C64002C738E /* SF-Pro-Text-HeavyItalic.otf */; };
		B29B4DED23857C65002C738E /* SF-Pro-Text-ThinItalic.otf in Resources */ = {isa = PBXBuildFile; fileRef = B29B4DDB23857C64002C738E /* SF-Pro-Text-ThinItalic.otf */; };
		B29B4DEE23857C65002C738E /* SF-Pro-Text-SemiboldItalic.otf in Resources */ = {isa = PBXBuildFile; fileRef = B29B4DDC23857C64002C738E /* SF-Pro-Text-SemiboldItalic.otf */; };
		B29B4DEF23857C65002C738E /* SF-Pro-Text-Heavy.otf in Resources */ = {isa = PBXBuildFile; fileRef = B29B4DDD23857C64002C738E /* SF-Pro-Text-Heavy.otf */; };
		B29B4DF023857C65002C738E /* SF-Pro-Text-Regular.otf in Resources */ = {isa = PBXBuildFile; fileRef = B29B4DDE23857C64002C738E /* SF-Pro-Text-Regular.otf */; };
		B29B4DF123857C65002C738E /* SF-Pro-Text-Light.otf in Resources */ = {isa = PBXBuildFile; fileRef = B29B4DDF23857C64002C738E /* SF-Pro-Text-Light.otf */; };
		B29B4DF223857C65002C738E /* SF-Pro-Text-Semibold.otf in Resources */ = {isa = PBXBuildFile; fileRef = B29B4DE023857C65002C738E /* SF-Pro-Text-Semibold.otf */; };
		B29B4DF323857C65002C738E /* SF-Pro-Text-Thin.otf in Resources */ = {isa = PBXBuildFile; fileRef = B29B4DE123857C65002C738E /* SF-Pro-Text-Thin.otf */; };
		B29B4DF423857C65002C738E /* SF-Pro-Text-UltralightItalic.otf in Resources */ = {isa = PBXBuildFile; fileRef = B29B4DE223857C65002C738E /* SF-Pro-Text-UltralightItalic.otf */; };
		B29B4DF523857C65002C738E /* SF-Pro-Text-Ultralight.otf in Resources */ = {isa = PBXBuildFile; fileRef = B29B4DE323857C65002C738E /* SF-Pro-Text-Ultralight.otf */; };
		B29B4DF623857C65002C738E /* SF-Pro-Text-BoldItalic.otf in Resources */ = {isa = PBXBuildFile; fileRef = B29B4DE423857C65002C738E /* SF-Pro-Text-BoldItalic.otf */; };
		B29B4DF723857C65002C738E /* SF-Pro-Text-Black.otf in Resources */ = {isa = PBXBuildFile; fileRef = B29B4DE523857C65002C738E /* SF-Pro-Text-Black.otf */; };
		B29B4DF823857C65002C738E /* SF-Pro-Text-LightItalic.otf in Resources */ = {isa = PBXBuildFile; fileRef = B29B4DE623857C65002C738E /* SF-Pro-Text-LightItalic.otf */; };
		B29B4DF923857C65002C738E /* SF-Pro-Text-Medium.otf in Resources */ = {isa = PBXBuildFile; fileRef = B29B4DE723857C65002C738E /* SF-Pro-Text-Medium.otf */; };
		B2AF0D5D2385930E0011E57C /* FCA.swift in Sources */ = {isa = PBXBuildFile; fileRef = B2AF0D5C2385930E0011E57C /* FCA.swift */; };
		B2AF0D5F238596DD0011E57C /* FoodTableViewController.swift in Sources */ = {isa = PBXBuildFile; fileRef = B2AF0D5E238596DD0011E57C /* FoodTableViewController.swift */; };
		B2B0DB5D2387245F00C34C0F /* IMC.swift in Sources */ = {isa = PBXBuildFile; fileRef = B2B0DB5C2387245F00C34C0F /* IMC.swift */; };
		B2B0DB5F2387249300C34C0F /* MathManager.swift in Sources */ = {isa = PBXBuildFile; fileRef = B2B0DB5E2387249300C34C0F /* MathManager.swift */; };
		B2C352412387A52D0036A185 /* FoodTableViewCell.swift in Sources */ = {isa = PBXBuildFile; fileRef = B2C352402387A52D0036A185 /* FoodTableViewCell.swift */; };
		B2D47CF82386543400A067A7 /* IntroductionPageViewController.swift in Sources */ = {isa = PBXBuildFile; fileRef = B2D47CF72386543400A067A7 /* IntroductionPageViewController.swift */; };
		B2D8F0612386F8A100350986 /* Patient.swift in Sources */ = {isa = PBXBuildFile; fileRef = B2D8F0602386F8A100350986 /* Patient.swift */; };
		B2EFA16E2386F6DB0092D998 /* FixedSize.swift in Sources */ = {isa = PBXBuildFile; fileRef = B2EFA16D2386F6DB0092D998 /* FixedSize.swift */; };
/* End PBXBuildFile section */

/* Begin PBXFileReference section */
		B22891DF23872C8200B54E32 /* PhysicalActivity.swift */ = {isa = PBXFileReference; lastKnownFileType = sourcecode.swift; path = PhysicalActivity.swift; sourceTree = "<group>"; };
		B22891E123872FC300B54E32 /* ViewFormatter.swift */ = {isa = PBXFileReference; lastKnownFileType = sourcecode.swift; path = ViewFormatter.swift; sourceTree = "<group>"; };
		B22891E42387345F00B54E32 /* EnergyRequirement.swift */ = {isa = PBXFileReference; lastKnownFileType = sourcecode.swift; path = EnergyRequirement.swift; sourceTree = "<group>"; };
		B22891E62387348600B54E32 /* MacroNutrient.swift */ = {isa = PBXFileReference; lastKnownFileType = sourcecode.swift; path = MacroNutrient.swift; sourceTree = "<group>"; };
		B25CF3F12386E0EE00737E5C /* GeneralTableViewController.swift */ = {isa = PBXFileReference; lastKnownFileType = sourcecode.swift; path = GeneralTableViewController.swift; sourceTree = "<group>"; };
		B25CF3F42386E11200737E5C /* DatosGeneralesTableViewController.swift */ = {isa = PBXFileReference; lastKnownFileType = sourcecode.swift; path = DatosGeneralesTableViewController.swift; sourceTree = "<group>"; };
		B299AF6623858CEA000F31A3 /* FCATableViewController.swift */ = {isa = PBXFileReference; lastKnownFileType = sourcecode.swift; path = FCATableViewController.swift; sourceTree = "<group>"; };
		B29B4DBE238578AE002C738E /* FRESCO.app */ = {isa = PBXFileReference; explicitFileType = wrapper.application; includeInIndex = 0; path = FRESCO.app; sourceTree = BUILT_PRODUCTS_DIR; };
		B29B4DC1238578AE002C738E /* AppDelegate.swift */ = {isa = PBXFileReference; lastKnownFileType = sourcecode.swift; path = AppDelegate.swift; sourceTree = "<group>"; };
		B29B4DC3238578AE002C738E /* SceneDelegate.swift */ = {isa = PBXFileReference; lastKnownFileType = sourcecode.swift; path = SceneDelegate.swift; sourceTree = "<group>"; };
		B29B4DC5238578AE002C738E /* ViewController.swift */ = {isa = PBXFileReference; lastKnownFileType = sourcecode.swift; path = ViewController.swift; sourceTree = "<group>"; };
		B29B4DC8238578AE002C738E /* Base */ = {isa = PBXFileReference; lastKnownFileType = file.storyboard; name = Base; path = Base.lproj/Main.storyboard; sourceTree = "<group>"; };
		B29B4DCA238578B0002C738E /* Assets.xcassets */ = {isa = PBXFileReference; lastKnownFileType = folder.assetcatalog; path = Assets.xcassets; sourceTree = "<group>"; };
		B29B4DCD238578B0002C738E /* Base */ = {isa = PBXFileReference; lastKnownFileType = file.storyboard; name = Base; path = Base.lproj/LaunchScreen.storyboard; sourceTree = "<group>"; };
		B29B4DCF238578B0002C738E /* Info.plist */ = {isa = PBXFileReference; lastKnownFileType = text.plist.xml; path = Info.plist; sourceTree = "<group>"; };
		B29B4DD623857C64002C738E /* SF-Pro-Text-MediumItalic.otf */ = {isa = PBXFileReference; lastKnownFileType = file; path = "SF-Pro-Text-MediumItalic.otf"; sourceTree = "<group>"; };
		B29B4DD723857C64002C738E /* SF-Pro-Text-Bold.otf */ = {isa = PBXFileReference; lastKnownFileType = file; path = "SF-Pro-Text-Bold.otf"; sourceTree = "<group>"; };
		B29B4DD823857C64002C738E /* SF-Pro-Text-RegularItalic.otf */ = {isa = PBXFileReference; lastKnownFileType = file; path = "SF-Pro-Text-RegularItalic.otf"; sourceTree = "<group>"; };
		B29B4DD923857C64002C738E /* SF-Pro-Text-BlackItalic.otf */ = {isa = PBXFileReference; lastKnownFileType = file; path = "SF-Pro-Text-BlackItalic.otf"; sourceTree = "<group>"; };
		B29B4DDA23857C64002C738E /* SF-Pro-Text-HeavyItalic.otf */ = {isa = PBXFileReference; lastKnownFileType = file; path = "SF-Pro-Text-HeavyItalic.otf"; sourceTree = "<group>"; };
		B29B4DDB23857C64002C738E /* SF-Pro-Text-ThinItalic.otf */ = {isa = PBXFileReference; lastKnownFileType = file; path = "SF-Pro-Text-ThinItalic.otf"; sourceTree = "<group>"; };
		B29B4DDC23857C64002C738E /* SF-Pro-Text-SemiboldItalic.otf */ = {isa = PBXFileReference; lastKnownFileType = file; path = "SF-Pro-Text-SemiboldItalic.otf"; sourceTree = "<group>"; };
		B29B4DDD23857C64002C738E /* SF-Pro-Text-Heavy.otf */ = {isa = PBXFileReference; lastKnownFileType = file; path = "SF-Pro-Text-Heavy.otf"; sourceTree = "<group>"; };
		B29B4DDE23857C64002C738E /* SF-Pro-Text-Regular.otf */ = {isa = PBXFileReference; lastKnownFileType = file; path = "SF-Pro-Text-Regular.otf"; sourceTree = "<group>"; };
		B29B4DDF23857C64002C738E /* SF-Pro-Text-Light.otf */ = {isa = PBXFileReference; lastKnownFileType = file; path = "SF-Pro-Text-Light.otf"; sourceTree = "<group>"; };
		B29B4DE023857C65002C738E /* SF-Pro-Text-Semibold.otf */ = {isa = PBXFileReference; lastKnownFileType = file; path = "SF-Pro-Text-Semibold.otf"; sourceTree = "<group>"; };
		B29B4DE123857C65002C738E /* SF-Pro-Text-Thin.otf */ = {isa = PBXFileReference; lastKnownFileType = file; path = "SF-Pro-Text-Thin.otf"; sourceTree = "<group>"; };
		B29B4DE223857C65002C738E /* SF-Pro-Text-UltralightItalic.otf */ = {isa = PBXFileReference; lastKnownFileType = file; path = "SF-Pro-Text-UltralightItalic.otf"; sourceTree = "<group>"; };
		B29B4DE323857C65002C738E /* SF-Pro-Text-Ultralight.otf */ = {isa = PBXFileReference; lastKnownFileType = file; path = "SF-Pro-Text-Ultralight.otf"; sourceTree = "<group>"; };
		B29B4DE423857C65002C738E /* SF-Pro-Text-BoldItalic.otf */ = {isa = PBXFileReference; lastKnownFileType = file; path = "SF-Pro-Text-BoldItalic.otf"; sourceTree = "<group>"; };
		B29B4DE523857C65002C738E /* SF-Pro-Text-Black.otf */ = {isa = PBXFileReference; lastKnownFileType = file; path = "SF-Pro-Text-Black.otf"; sourceTree = "<group>"; };
		B29B4DE623857C65002C738E /* SF-Pro-Text-LightItalic.otf */ = {isa = PBXFileReference; lastKnownFileType = file; path = "SF-Pro-Text-LightItalic.otf"; sourceTree = "<group>"; };
		B29B4DE723857C65002C738E /* SF-Pro-Text-Medium.otf */ = {isa = PBXFileReference; lastKnownFileType = file; path = "SF-Pro-Text-Medium.otf"; sourceTree = "<group>"; };
		B2AF0D5C2385930E0011E57C /* FCA.swift */ = {isa = PBXFileReference; lastKnownFileType = sourcecode.swift; path = FCA.swift; sourceTree = "<group>"; };
		B2AF0D5E238596DD0011E57C /* FoodTableViewController.swift */ = {isa = PBXFileReference; lastKnownFileType = sourcecode.swift; path = FoodTableViewController.swift; sourceTree = "<group>"; };
		B2B0DB5C2387245F00C34C0F /* IMC.swift */ = {isa = PBXFileReference; lastKnownFileType = sourcecode.swift; path = IMC.swift; sourceTree = "<group>"; };
		B2B0DB5E2387249300C34C0F /* MathManager.swift */ = {isa = PBXFileReference; lastKnownFileType = sourcecode.swift; path = MathManager.swift; sourceTree = "<group>"; };
		B2C352402387A52D0036A185 /* FoodTableViewCell.swift */ = {isa = PBXFileReference; lastKnownFileType = sourcecode.swift; path = FoodTableViewCell.swift; sourceTree = "<group>"; };
		B2D47CF72386543400A067A7 /* IntroductionPageViewController.swift */ = {isa = PBXFileReference; lastKnownFileType = sourcecode.swift; path = IntroductionPageViewController.swift; sourceTree = "<group>"; };
		B2D8F0602386F8A100350986 /* Patient.swift */ = {isa = PBXFileReference; lastKnownFileType = sourcecode.swift; path = Patient.swift; sourceTree = "<group>"; };
		B2EFA16D2386F6DB0092D998 /* FixedSize.swift */ = {isa = PBXFileReference; lastKnownFileType = sourcecode.swift; path = FixedSize.swift; sourceTree = "<group>"; };
/* End PBXFileReference section */

/* Begin PBXFrameworksBuildPhase section */
		B29B4DBB238578AE002C738E /* Frameworks */ = {
			isa = PBXFrameworksBuildPhase;
			buildActionMask = 2147483647;
			files = (
			);
			runOnlyForDeploymentPostprocessing = 0;
		};
/* End PBXFrameworksBuildPhase section */

/* Begin PBXGroup section */
		B22891E32387344C00B54E32 /* CoreModels */ = {
			isa = PBXGroup;
			children = (
				B22891E42387345F00B54E32 /* EnergyRequirement.swift */,
				B22891E62387348600B54E32 /* MacroNutrient.swift */,
			);
			path = CoreModels;
			sourceTree = "<group>";
		};
		B25CF3F02386E0CE00737E5C /* General */ = {
			isa = PBXGroup;
			children = (
				B2D8F05F2386F89900350986 /* Models */,
				B25CF3F32386E10900737E5C /* DatosGenerales */,
				B25CF3F12386E0EE00737E5C /* GeneralTableViewController.swift */,
			);
			path = General;
			sourceTree = "<group>";
		};
		B25CF3F32386E10900737E5C /* DatosGenerales */ = {
			isa = PBXGroup;
			children = (
				B25CF3F42386E11200737E5C /* DatosGeneralesTableViewController.swift */,
			);
			path = DatosGenerales;
			sourceTree = "<group>";
		};
		B299AF6823858CF2000F31A3 /* FCA */ = {
			isa = PBXGroup;
			children = (
				B2AF0D60238596E10011E57C /* Foods */,
				B2AF0D5B238593030011E57C /* Models */,
				B299AF6623858CEA000F31A3 /* FCATableViewController.swift */,
			);
			path = FCA;
			sourceTree = "<group>";
		};
		B299AF6C23858F2F000F31A3 /* InitialScreen */ = {
			isa = PBXGroup;
			children = (
				B29B4DC5238578AE002C738E /* ViewController.swift */,
			);
			path = InitialScreen;
			sourceTree = "<group>";
		};
		B29B4DB5238578AE002C738E = {
			isa = PBXGroup;
			children = (
				B29B4DC0238578AE002C738E /* FRESCO */,
				B29B4DBF238578AE002C738E /* Products */,
			);
			sourceTree = "<group>";
		};
		B29B4DBF238578AE002C738E /* Products */ = {
			isa = PBXGroup;
			children = (
				B29B4DBE238578AE002C738E /* FRESCO.app */,
			);
			name = Products;
			sourceTree = "<group>";
		};
		B29B4DC0238578AE002C738E /* FRESCO */ = {
			isa = PBXGroup;
			children = (
				B2B0DB5B238723D400C34C0F /* SharedModels */,
				B299AF6C23858F2F000F31A3 /* InitialScreen */,
				B25CF3F02386E0CE00737E5C /* General */,
				B299AF6823858CF2000F31A3 /* FCA */,
				B29B4DC1238578AE002C738E /* AppDelegate.swift */,
				B29B4DC3238578AE002C738E /* SceneDelegate.swift */,
				B29B4DC7238578AE002C738E /* Main.storyboard */,
				B29B4DCA238578B0002C738E /* Assets.xcassets */,
				B29B4DCC238578B0002C738E /* LaunchScreen.storyboard */,
				B29B4DCF238578B0002C738E /* Info.plist */,
				B2D47CFF2386552000A067A7 /* Tests */,
				B2EFA16C2386F6C90092D998 /* FixedSizes */,
				B29B4DD523857B44002C738E /* Fonts */,
			);
			path = FRESCO;
			sourceTree = "<group>";
		};
		B29B4DD523857B44002C738E /* Fonts */ = {
			isa = PBXGroup;
			children = (
				B29B4DE523857C65002C738E /* SF-Pro-Text-Black.otf */,
				B29B4DD923857C64002C738E /* SF-Pro-Text-BlackItalic.otf */,
				B29B4DD723857C64002C738E /* SF-Pro-Text-Bold.otf */,
				B29B4DE423857C65002C738E /* SF-Pro-Text-BoldItalic.otf */,
				B29B4DDD23857C64002C738E /* SF-Pro-Text-Heavy.otf */,
				B29B4DDA23857C64002C738E /* SF-Pro-Text-HeavyItalic.otf */,
				B29B4DDF23857C64002C738E /* SF-Pro-Text-Light.otf */,
				B29B4DE623857C65002C738E /* SF-Pro-Text-LightItalic.otf */,
				B29B4DE723857C65002C738E /* SF-Pro-Text-Medium.otf */,
				B29B4DD623857C64002C738E /* SF-Pro-Text-MediumItalic.otf */,
				B29B4DDE23857C64002C738E /* SF-Pro-Text-Regular.otf */,
				B29B4DD823857C64002C738E /* SF-Pro-Text-RegularItalic.otf */,
				B29B4DE023857C65002C738E /* SF-Pro-Text-Semibold.otf */,
				B29B4DDC23857C64002C738E /* SF-Pro-Text-SemiboldItalic.otf */,
				B29B4DE123857C65002C738E /* SF-Pro-Text-Thin.otf */,
				B29B4DDB23857C64002C738E /* SF-Pro-Text-ThinItalic.otf */,
				B29B4DE323857C65002C738E /* SF-Pro-Text-Ultralight.otf */,
				B29B4DE223857C65002C738E /* SF-Pro-Text-UltralightItalic.otf */,
			);
			path = Fonts;
			sourceTree = "<group>";
		};
		B2AF0D5B238593030011E57C /* Models */ = {
			isa = PBXGroup;
			children = (
				B2AF0D5C2385930E0011E57C /* FCA.swift */,
			);
			path = Models;
			sourceTree = "<group>";
		};
		B2AF0D60238596E10011E57C /* Foods */ = {
			isa = PBXGroup;
			children = (
				B2C352422387A5430036A185 /* CustomCells */,
				B2AF0D5E238596DD0011E57C /* FoodTableViewController.swift */,
			);
			path = Foods;
			sourceTree = "<group>";
		};
		B2B0DB5B238723D400C34C0F /* SharedModels */ = {
			isa = PBXGroup;
			children = (
				B22891E32387344C00B54E32 /* CoreModels */,
				B2B0DB5E2387249300C34C0F /* MathManager.swift */,
				B22891E123872FC300B54E32 /* ViewFormatter.swift */,
			);
			path = SharedModels;
			sourceTree = "<group>";
		};
		B2C352422387A5430036A185 /* CustomCells */ = {
			isa = PBXGroup;
			children = (
				B2C352402387A52D0036A185 /* FoodTableViewCell.swift */,
			);
			path = CustomCells;
			sourceTree = "<group>";
		};
		B2D47CFF2386552000A067A7 /* Tests */ = {
			isa = PBXGroup;
			children = (
				B2D47CF72386543400A067A7 /* IntroductionPageViewController.swift */,
			);
			path = Tests;
			sourceTree = "<group>";
		};
		B2D8F05F2386F89900350986 /* Models */ = {
			isa = PBXGroup;
			children = (
				B2D8F0602386F8A100350986 /* Patient.swift */,
				B2B0DB5C2387245F00C34C0F /* IMC.swift */,
				B22891DF23872C8200B54E32 /* PhysicalActivity.swift */,
			);
			path = Models;
			sourceTree = "<group>";
		};
		B2EFA16C2386F6C90092D998 /* FixedSizes */ = {
			isa = PBXGroup;
			children = (
				B2EFA16D2386F6DB0092D998 /* FixedSize.swift */,
			);
			path = FixedSizes;
			sourceTree = "<group>";
		};
/* End PBXGroup section */

/* Begin PBXNativeTarget section */
		B29B4DBD238578AE002C738E /* FRESCO */ = {
			isa = PBXNativeTarget;
			buildConfigurationList = B29B4DD2238578B0002C738E /* Build configuration list for PBXNativeTarget "FRESCO" */;
			buildPhases = (
				B29B4DBA238578AE002C738E /* Sources */,
				B29B4DBB238578AE002C738E /* Frameworks */,
				B29B4DBC238578AE002C738E /* Resources */,
			);
			buildRules = (
			);
			dependencies = (
			);
			name = FRESCO;
			productName = FRESCO;
			productReference = B29B4DBE238578AE002C738E /* FRESCO.app */;
			productType = "com.apple.product-type.application";
		};
/* End PBXNativeTarget section */

/* Begin PBXProject section */
		B29B4DB6238578AE002C738E /* Project object */ = {
			isa = PBXProject;
			attributes = {
				LastSwiftUpdateCheck = 1110;
				LastUpgradeCheck = 1110;
				ORGANIZATIONNAME = "Néstor I. Martínez Ostoa";
				TargetAttributes = {
					B29B4DBD238578AE002C738E = {
						CreatedOnToolsVersion = 11.1;
					};
				};
			};
			buildConfigurationList = B29B4DB9238578AE002C738E /* Build configuration list for PBXProject "FRESCO" */;
			compatibilityVersion = "Xcode 9.3";
			developmentRegion = en;
			hasScannedForEncodings = 0;
			knownRegions = (
				en,
				Base,
			);
			mainGroup = B29B4DB5238578AE002C738E;
			productRefGroup = B29B4DBF238578AE002C738E /* Products */;
			projectDirPath = "";
			projectRoot = "";
			targets = (
				B29B4DBD238578AE002C738E /* FRESCO */,
			);
		};
/* End PBXProject section */

/* Begin PBXResourcesBuildPhase section */
		B29B4DBC238578AE002C738E /* Resources */ = {
			isa = PBXResourcesBuildPhase;
			buildActionMask = 2147483647;
			files = (
				B29B4DE823857C65002C738E /* SF-Pro-Text-MediumItalic.otf in Resources */,
				B29B4DE923857C65002C738E /* SF-Pro-Text-Bold.otf in Resources */,
				B29B4DF523857C65002C738E /* SF-Pro-Text-Ultralight.otf in Resources */,
				B29B4DCE238578B0002C738E /* LaunchScreen.storyboard in Resources */,
				B29B4DEF23857C65002C738E /* SF-Pro-Text-Heavy.otf in Resources */,
				B29B4DF923857C65002C738E /* SF-Pro-Text-Medium.otf in Resources */,
				B29B4DEC23857C65002C738E /* SF-Pro-Text-HeavyItalic.otf in Resources */,
				B29B4DEE23857C65002C738E /* SF-Pro-Text-SemiboldItalic.otf in Resources */,
				B29B4DF423857C65002C738E /* SF-Pro-Text-UltralightItalic.otf in Resources */,
				B29B4DF223857C65002C738E /* SF-Pro-Text-Semibold.otf in Resources */,
				B29B4DF023857C65002C738E /* SF-Pro-Text-Regular.otf in Resources */,
				B29B4DF823857C65002C738E /* SF-Pro-Text-LightItalic.otf in Resources */,
				B29B4DCB238578B0002C738E /* Assets.xcassets in Resources */,
				B29B4DEA23857C65002C738E /* SF-Pro-Text-RegularItalic.otf in Resources */,
				B29B4DC9238578AE002C738E /* Main.storyboard in Resources */,
				B29B4DF323857C65002C738E /* SF-Pro-Text-Thin.otf in Resources */,
				B29B4DED23857C65002C738E /* SF-Pro-Text-ThinItalic.otf in Resources */,
				B29B4DEB23857C65002C738E /* SF-Pro-Text-BlackItalic.otf in Resources */,
				B29B4DF623857C65002C738E /* SF-Pro-Text-BoldItalic.otf in Resources */,
				B29B4DF123857C65002C738E /* SF-Pro-Text-Light.otf in Resources */,
				B29B4DF723857C65002C738E /* SF-Pro-Text-Black.otf in Resources */,
			);
			runOnlyForDeploymentPostprocessing = 0;
		};
/* End PBXResourcesBuildPhase section */

/* Begin PBXSourcesBuildPhase section */
		B29B4DBA238578AE002C738E /* Sources */ = {
			isa = PBXSourcesBuildPhase;
			buildActionMask = 2147483647;
			files = (
				B25CF3F22386E0EE00737E5C /* GeneralTableViewController.swift in Sources */,
				B22891E223872FC300B54E32 /* ViewFormatter.swift in Sources */,
				B2B0DB5D2387245F00C34C0F /* IMC.swift in Sources */,
				B299AF6723858CEA000F31A3 /* FCATableViewController.swift in Sources */,
				B2B0DB5F2387249300C34C0F /* MathManager.swift in Sources */,
				B2D47CF82386543400A067A7 /* IntroductionPageViewController.swift in Sources */,
				B2AF0D5F238596DD0011E57C /* FoodTableViewController.swift in Sources */,
				B2AF0D5D2385930E0011E57C /* FCA.swift in Sources */,
				B2EFA16E2386F6DB0092D998 /* FixedSize.swift in Sources */,
				B29B4DC6238578AE002C738E /* ViewController.swift in Sources */,
				B22891E023872C8200B54E32 /* PhysicalActivity.swift in Sources */,
				B22891E72387348600B54E32 /* MacroNutrient.swift in Sources */,
				B25CF3F52386E11200737E5C /* DatosGeneralesTableViewController.swift in Sources */,
				B29B4DC2238578AE002C738E /* AppDelegate.swift in Sources */,
				B22891E52387345F00B54E32 /* EnergyRequirement.swift in Sources */,
				B29B4DC4238578AE002C738E /* SceneDelegate.swift in Sources */,
				B2D8F0612386F8A100350986 /* Patient.swift in Sources */,
				B2C352412387A52D0036A185 /* FoodTableViewCell.swift in Sources */,
			);
			runOnlyForDeploymentPostprocessing = 0;
		};
/* End PBXSourcesBuildPhase section */

/* Begin PBXVariantGroup section */
		B29B4DC7238578AE002C738E /* Main.storyboard */ = {
			isa = PBXVariantGroup;
			children = (
				B29B4DC8238578AE002C738E /* Base */,
			);
			name = Main.storyboard;
			sourceTree = "<group>";
		};
		B29B4DCC238578B0002C738E /* LaunchScreen.storyboard */ = {
			isa = PBXVariantGroup;
			children = (
				B29B4DCD238578B0002C738E /* Base */,
			);
			name = LaunchScreen.storyboard;
			sourceTree = "<group>";
		};
/* End PBXVariantGroup section */

/* Begin XCBuildConfiguration section */
		B29B4DD0238578B0002C738E /* Debug */ = {
			isa = XCBuildConfiguration;
			buildSettings = {
				ALWAYS_SEARCH_USER_PATHS = NO;
				CLANG_ANALYZER_NONNULL = YES;
				CLANG_ANALYZER_NUMBER_OBJECT_CONVERSION = YES_AGGRESSIVE;
				CLANG_CXX_LANGUAGE_STANDARD = "gnu++14";
				CLANG_CXX_LIBRARY = "libc++";
				CLANG_ENABLE_MODULES = YES;
				CLANG_ENABLE_OBJC_ARC = YES;
				CLANG_ENABLE_OBJC_WEAK = YES;
				CLANG_WARN_BLOCK_CAPTURE_AUTORELEASING = YES;
				CLANG_WARN_BOOL_CONVERSION = YES;
				CLANG_WARN_COMMA = YES;
				CLANG_WARN_CONSTANT_CONVERSION = YES;
				CLANG_WARN_DEPRECATED_OBJC_IMPLEMENTATIONS = YES;
				CLANG_WARN_DIRECT_OBJC_ISA_USAGE = YES_ERROR;
				CLANG_WARN_DOCUMENTATION_COMMENTS = YES;
				CLANG_WARN_EMPTY_BODY = YES;
				CLANG_WARN_ENUM_CONVERSION = YES;
				CLANG_WARN_INFINITE_RECURSION = YES;
				CLANG_WARN_INT_CONVERSION = YES;
				CLANG_WARN_NON_LITERAL_NULL_CONVERSION = YES;
				CLANG_WARN_OBJC_IMPLICIT_RETAIN_SELF = YES;
				CLANG_WARN_OBJC_LITERAL_CONVERSION = YES;
				CLANG_WARN_OBJC_ROOT_CLASS = YES_ERROR;
				CLANG_WARN_RANGE_LOOP_ANALYSIS = YES;
				CLANG_WARN_STRICT_PROTOTYPES = YES;
				CLANG_WARN_SUSPICIOUS_MOVE = YES;
				CLANG_WARN_UNGUARDED_AVAILABILITY = YES_AGGRESSIVE;
				CLANG_WARN_UNREACHABLE_CODE = YES;
				CLANG_WARN__DUPLICATE_METHOD_MATCH = YES;
				COPY_PHASE_STRIP = NO;
				DEBUG_INFORMATION_FORMAT = dwarf;
				ENABLE_STRICT_OBJC_MSGSEND = YES;
				ENABLE_TESTABILITY = YES;
				GCC_C_LANGUAGE_STANDARD = gnu11;
				GCC_DYNAMIC_NO_PIC = NO;
				GCC_NO_COMMON_BLOCKS = YES;
				GCC_OPTIMIZATION_LEVEL = 0;
				GCC_PREPROCESSOR_DEFINITIONS = (
					"DEBUG=1",
					"$(inherited)",
				);
				GCC_WARN_64_TO_32_BIT_CONVERSION = YES;
				GCC_WARN_ABOUT_RETURN_TYPE = YES_ERROR;
				GCC_WARN_UNDECLARED_SELECTOR = YES;
				GCC_WARN_UNINITIALIZED_AUTOS = YES_AGGRESSIVE;
				GCC_WARN_UNUSED_FUNCTION = YES;
				GCC_WARN_UNUSED_VARIABLE = YES;
				IPHONEOS_DEPLOYMENT_TARGET = 13.1;
				MTL_ENABLE_DEBUG_INFO = INCLUDE_SOURCE;
				MTL_FAST_MATH = YES;
				ONLY_ACTIVE_ARCH = YES;
				SDKROOT = iphoneos;
				SWIFT_ACTIVE_COMPILATION_CONDITIONS = DEBUG;
				SWIFT_OPTIMIZATION_LEVEL = "-Onone";
			};
			name = Debug;
		};
		B29B4DD1238578B0002C738E /* Release */ = {
			isa = XCBuildConfiguration;
			buildSettings = {
				ALWAYS_SEARCH_USER_PATHS = NO;
				CLANG_ANALYZER_NONNULL = YES;
				CLANG_ANALYZER_NUMBER_OBJECT_CONVERSION = YES_AGGRESSIVE;
				CLANG_CXX_LANGUAGE_STANDARD = "gnu++14";
				CLANG_CXX_LIBRARY = "libc++";
				CLANG_ENABLE_MODULES = YES;
				CLANG_ENABLE_OBJC_ARC = YES;
				CLANG_ENABLE_OBJC_WEAK = YES;
				CLANG_WARN_BLOCK_CAPTURE_AUTORELEASING = YES;
				CLANG_WARN_BOOL_CONVERSION = YES;
				CLANG_WARN_COMMA = YES;
				CLANG_WARN_CONSTANT_CONVERSION = YES;
				CLANG_WARN_DEPRECATED_OBJC_IMPLEMENTATIONS = YES;
				CLANG_WARN_DIRECT_OBJC_ISA_USAGE = YES_ERROR;
				CLANG_WARN_DOCUMENTATION_COMMENTS = YES;
				CLANG_WARN_EMPTY_BODY = YES;
				CLANG_WARN_ENUM_CONVERSION = YES;
				CLANG_WARN_INFINITE_RECURSION = YES;
				CLANG_WARN_INT_CONVERSION = YES;
				CLANG_WARN_NON_LITERAL_NULL_CONVERSION = YES;
				CLANG_WARN_OBJC_IMPLICIT_RETAIN_SELF = YES;
				CLANG_WARN_OBJC_LITERAL_CONVERSION = YES;
				CLANG_WARN_OBJC_ROOT_CLASS = YES_ERROR;
				CLANG_WARN_RANGE_LOOP_ANALYSIS = YES;
				CLANG_WARN_STRICT_PROTOTYPES = YES;
				CLANG_WARN_SUSPICIOUS_MOVE = YES;
				CLANG_WARN_UNGUARDED_AVAILABILITY = YES_AGGRESSIVE;
				CLANG_WARN_UNREACHABLE_CODE = YES;
				CLANG_WARN__DUPLICATE_METHOD_MATCH = YES;
				COPY_PHASE_STRIP = NO;
				DEBUG_INFORMATION_FORMAT = "dwarf-with-dsym";
				ENABLE_NS_ASSERTIONS = NO;
				ENABLE_STRICT_OBJC_MSGSEND = YES;
				GCC_C_LANGUAGE_STANDARD = gnu11;
				GCC_NO_COMMON_BLOCKS = YES;
				GCC_WARN_64_TO_32_BIT_CONVERSION = YES;
				GCC_WARN_ABOUT_RETURN_TYPE = YES_ERROR;
				GCC_WARN_UNDECLARED_SELECTOR = YES;
				GCC_WARN_UNINITIALIZED_AUTOS = YES_AGGRESSIVE;
				GCC_WARN_UNUSED_FUNCTION = YES;
				GCC_WARN_UNUSED_VARIABLE = YES;
				IPHONEOS_DEPLOYMENT_TARGET = 13.1;
				MTL_ENABLE_DEBUG_INFO = NO;
				MTL_FAST_MATH = YES;
				SDKROOT = iphoneos;
				SWIFT_COMPILATION_MODE = wholemodule;
				SWIFT_OPTIMIZATION_LEVEL = "-O";
				VALIDATE_PRODUCT = YES;
			};
			name = Release;
		};
		B29B4DD3238578B0002C738E /* Debug */ = {
			isa = XCBuildConfiguration;
			buildSettings = {
				ASSETCATALOG_COMPILER_APPICON_NAME = AppIcon;
				CODE_SIGN_STYLE = Automatic;
				DEVELOPMENT_TEAM = P6V832AAG5;
				INFOPLIST_FILE = FRESCO/Info.plist;
				IPHONEOS_DEPLOYMENT_TARGET = 13.1;
				LD_RUNPATH_SEARCH_PATHS = (
					"$(inherited)",
					"@executable_path/Frameworks",
				);
				PRODUCT_BUNDLE_IDENTIFIER = com.example.FRESCO;
				PRODUCT_NAME = "$(TARGET_NAME)";
				SWIFT_VERSION = 5.0;
				TARGETED_DEVICE_FAMILY = "1,2";
			};
			name = Debug;
		};
		B29B4DD4238578B0002C738E /* Release */ = {
			isa = XCBuildConfiguration;
			buildSettings = {
				ASSETCATALOG_COMPILER_APPICON_NAME = AppIcon;
				CODE_SIGN_STYLE = Automatic;
				DEVELOPMENT_TEAM = P6V832AAG5;
				INFOPLIST_FILE = FRESCO/Info.plist;
				IPHONEOS_DEPLOYMENT_TARGET = 13.1;
				LD_RUNPATH_SEARCH_PATHS = (
					"$(inherited)",
					"@executable_path/Frameworks",
				);
				PRODUCT_BUNDLE_IDENTIFIER = com.example.FRESCO;
				PRODUCT_NAME = "$(TARGET_NAME)";
				SWIFT_VERSION = 5.0;
				TARGETED_DEVICE_FAMILY = "1,2";
			};
			name = Release;
		};
/* End XCBuildConfiguration section */

/* Begin XCConfigurationList section */
		B29B4DB9238578AE002C738E /* Build configuration list for PBXProject "FRESCO" */ = {
			isa = XCConfigurationList;
			buildConfigurations = (
				B29B4DD0238578B0002C738E /* Debug */,
				B29B4DD1238578B0002C738E /* Release */,
			);
			defaultConfigurationIsVisible = 0;
			defaultConfigurationName = Release;
		};
		B29B4DD2238578B0002C738E /* Build configuration list for PBXNativeTarget "FRESCO" */ = {
			isa = XCConfigurationList;
			buildConfigurations = (
				B29B4DD3238578B0002C738E /* Debug */,
				B29B4DD4238578B0002C738E /* Release */,
			);
			defaultConfigurationIsVisible = 0;
			defaultConfigurationName = Release;
		};
/* End XCConfigurationList section */
	};
	rootObject = B29B4DB6238578AE002C738E /* Project object */;
}
